{
  "version": "3",
  "redirects": {
    "https://deno.land/std/csv/mod.ts": "https://deno.land/std@0.220.1/csv/mod.ts"
  },
  "remote": {
    "https://deno.land/x/hono@v4.0.0-rc.4/client/client.ts": "9aa632e0df3bb1e10081a29577117c92b65f27252c56d2474ddba2113f584848",
    "https://deno.land/x/hono@v4.0.0-rc.4/client/index.ts": "30def535310a37bede261f1b23d11a9758983b8e9d60a6c56309cee5f6746ab2",
    "https://deno.land/x/hono@v4.0.0-rc.4/client/utils.ts": "053273c002963b549d38268a1b423ac8ca211a8028bdab1ed0b781a62aa5e661",
    "https://deno.land/x/hono@v4.0.0-rc.4/compose.ts": "37d6e33b7db80e4c43a0629b12fd3a1e3406e7d9e62a4bfad4b30426ea7ae4f1",
    "https://deno.land/x/hono@v4.0.0-rc.4/context.ts": "45ea531bcbe57bdc1fe69600acd01732a5d2631d9d4141a9036f28da5cd7688d",
    "https://deno.land/x/hono@v4.0.0-rc.4/helper/cookie/index.ts": "9adc57af5723f16d52ec1162838ac3c77dc2c8b9e216762e7c68106c7468cc77",
    "https://deno.land/x/hono@v4.0.0-rc.4/hono-base.ts": "d110b1f564958f95bbc2be2c7fea522938f948ccec63830d1197beec11cdc338",
    "https://deno.land/x/hono@v4.0.0-rc.4/hono.ts": "23edd0140bf0bd5a68c14ae96e5856a5cec6b844277e853b91025e91ea74f416",
    "https://deno.land/x/hono@v4.0.0-rc.4/http-exception.ts": "0dc357bbf1510f59cdfc35aad569df97e5652f7406f0693437fe140383d8d9c0",
    "https://deno.land/x/hono@v4.0.0-rc.4/mod.ts": "90114a97be9111b348129ad0143e764a64921f60dd03b8f3da529db98a0d3a82",
    "https://deno.land/x/hono@v4.0.0-rc.4/request.ts": "9c8061eaf4373aa122a77d1aa8e888397425bc5d78bc17c87a2c861375c4f0b3",
    "https://deno.land/x/hono@v4.0.0-rc.4/router.ts": "880316f561918fc197481755aac2165fdbe2f530b925c5357a9f98d6e2cc85c7",
    "https://deno.land/x/hono@v4.0.0-rc.4/router/linear-router/index.ts": "8a2a7144c50b1f4a92d9ee99c2c396716af144c868e10608255f969695efccd0",
    "https://deno.land/x/hono@v4.0.0-rc.4/router/linear-router/router.ts": "2f897939fdc65e418e5e7c33a17fa55cd60bd60dec9f8c5251c77fc0c57b80ca",
    "https://deno.land/x/hono@v4.0.0-rc.4/router/pattern-router/index.ts": "304a66c50e243872037ed41c7dd79ed0c89d815e17e172e7ad7cdc4bc07d3383",
    "https://deno.land/x/hono@v4.0.0-rc.4/router/pattern-router/router.ts": "a9a5a2a182cce8c3ae82139892cc0502be7dd8f579f31e76d0302b19b338e548",
    "https://deno.land/x/hono@v4.0.0-rc.4/router/reg-exp-router/index.ts": "52755829213941756159b7a963097bafde5cc4fc22b13b1c7c9184dc0512d1db",
    "https://deno.land/x/hono@v4.0.0-rc.4/router/reg-exp-router/node.ts": "5b3fb80411db04c65df066e69fedb2c8c0844753c2633d703336de84d569252c",
    "https://deno.land/x/hono@v4.0.0-rc.4/router/reg-exp-router/router.ts": "512c43528739b12aff7c1f45b94a5459505ca88a47140a7d6abe0180cfc1ad00",
    "https://deno.land/x/hono@v4.0.0-rc.4/router/reg-exp-router/trie.ts": "852ce7207e6701e47fa30889a0d2b8bfcd56d8862c97e7bc9831e0a64bd8835f",
    "https://deno.land/x/hono@v4.0.0-rc.4/router/smart-router/index.ts": "74f9b4fe15ea535900f2b9b048581915f12fe94e531dd2b0032f5610e61c3bef",
    "https://deno.land/x/hono@v4.0.0-rc.4/router/smart-router/router.ts": "f1848a2a1eefa316a11853ae12e749552747771fb8a11fe713ae04ea6461140b",
    "https://deno.land/x/hono@v4.0.0-rc.4/router/trie-router/index.ts": "3eb75e7f71ba81801631b30de6b1f5cefb2c7239c03797e2b2cbab5085911b41",
    "https://deno.land/x/hono@v4.0.0-rc.4/router/trie-router/node.ts": "04d2eac912cc367b95545ce10d889134fc37be74ca729a7f0772970f37b29d11",
    "https://deno.land/x/hono@v4.0.0-rc.4/router/trie-router/router.ts": "54ced78d35676302c8fcdda4204f7bdf5a7cc907fbf9967c75674b1e394f830d",
    "https://deno.land/x/hono@v4.0.0-rc.4/utils/body.ts": "1c7013f83bbef8216b3d862111efd5a183eaa29e86decf9a7eec6cdf25757e93",
    "https://deno.land/x/hono@v4.0.0-rc.4/utils/buffer.ts": "9066a973e64498cb262c7e932f47eed525a51677b17f90893862b7279dc0773e",
    "https://deno.land/x/hono@v4.0.0-rc.4/utils/cookie.ts": "a8d61878bc6eb338d17758e2b5b47512ac1ced8d824fd4ff7b637b091cc7b28f",
    "https://deno.land/x/hono@v4.0.0-rc.4/utils/crypto.ts": "bda0e141bbe46d3a4a20f8fbcb6380d473b617123d9fdfa93e4499410b537acc",
    "https://deno.land/x/hono@v4.0.0-rc.4/utils/html.ts": "6ea4f6bf41587a51607dff7a6d2865ef4d5001e4203b07e5c8a45b63a098e871",
    "https://deno.land/x/hono@v4.0.0-rc.4/utils/url.ts": "d9d307a495e7dfc6e916fbcfa74c2d8d23e8e685bddc5e6ebc9c0f784345a01a",
    "https://deno.land/x/hono@v4.0.0-rc.4/validator/index.ts": "6c986e8b91dcf857ecc8164a506ae8eea8665792a4ff7215471df669c632ae7c",
    "https://deno.land/x/hono@v4.0.0-rc.4/validator/validator.ts": "1a7b524292662e5219fd61a9872c2586aa23a2328800211a8fdc268b089f75f1",
    "https://deno.land/x/zipjs@v2.7.40/index.js": "376ee022c6c484cdb0ef417ab1fb8b8858b629018a4f4c936ff941055b67d879",
    "https://deno.land/x/zipjs@v2.7.40/lib/core/codec-pool.js": "bcadc41dd82392e586f8ce04791b3be92eab039fb6e09f08c86bb1b1c0419c82",
    "https://deno.land/x/zipjs@v2.7.40/lib/core/codec-worker.js": "5e8d0201842e187827d9dc67f58d751213a3e5dce213374f2ba62e2c50a1bb7c",
    "https://deno.land/x/zipjs@v2.7.40/lib/core/configuration.js": "baa316a63df2f8239f9d52cd4863eaedaddd34ad887b7513588da75d19e84932",
    "https://deno.land/x/zipjs@v2.7.40/lib/core/constants.js": "14fe1468b87cd0fe20c6f1fec916485f875d8592beba94c9241af4cbd12dd88f",
    "https://deno.land/x/zipjs@v2.7.40/lib/core/io.js": "432bb17dae4befe154be7ca73dba864ceb60c1f5cb065f89dc239234f1f9d838",
    "https://deno.land/x/zipjs@v2.7.40/lib/core/streams/aes-crypto-stream.js": "8bc4f1490b64d8eb5850c88574ada77933c07b5052354804f19d729b8f4dd2e4",
    "https://deno.land/x/zipjs@v2.7.40/lib/core/streams/codec-stream.js": "1c0d9de91141bf89f49dc1e239dd22d75a3e46d38dd153aca1a6d48c231d4d85",
    "https://deno.land/x/zipjs@v2.7.40/lib/core/streams/codecs/crc32.js": "dfdde666f72b4a5ffc8cf5b1451e0db578ce4bd90de20df2cff5bfd47758cb23",
    "https://deno.land/x/zipjs@v2.7.40/lib/core/streams/codecs/deflate.js": "08c1b24d1845528f6db296570d690ecbe23c6c01c6cb26b561e601e770281c3a",
    "https://deno.land/x/zipjs@v2.7.40/lib/core/streams/codecs/inflate.js": "55d00eed332cf2c4f61e2ee23133e3257768d0608572ee3f9641a2921c3a6f67",
    "https://deno.land/x/zipjs@v2.7.40/lib/core/streams/codecs/sjcl.js": "462289c5312f01bba8a757a7a0f3d8f349f471183cb4c49fb73d58bba18a5428",
    "https://deno.land/x/zipjs@v2.7.40/lib/core/streams/common-crypto.js": "e3c28d03f3c2809d5bf69f31d01449679eb94cb76648e370145986313052436a",
    "https://deno.land/x/zipjs@v2.7.40/lib/core/streams/crc32-stream.js": "10e26bd18df0e1e89d61a62827a1a1c19f4e541636dd0eccbd85af3afabce289",
    "https://deno.land/x/zipjs@v2.7.40/lib/core/streams/stream-adapter.js": "9e7f3fe1601cc447943cd37b5adb6d74c6e9c404d002e707e8eace7bc048929c",
    "https://deno.land/x/zipjs@v2.7.40/lib/core/streams/zip-crypto-stream.js": "19305af1e8296e7fa6763f3391d0b8149a1e09c659e1d1ff32a484448b18243c",
    "https://deno.land/x/zipjs@v2.7.40/lib/core/streams/zip-entry-stream.js": "5434921e9901b460ece7d669337ce71bfc013db682a638e0a40caa1d8e2e479e",
    "https://deno.land/x/zipjs@v2.7.40/lib/core/util/cp437-decode.js": "d665ded184037ffe5d255be8f379f90416053e3d0d84fac95b28f4aeaab3d336",
    "https://deno.land/x/zipjs@v2.7.40/lib/core/util/decode-text.js": "c04a098fa7c16470c48b6abd4eb4ac48af53547de65e7c8f39b78ae62330ad57",
    "https://deno.land/x/zipjs@v2.7.40/lib/core/util/default-mime-type.js": "177ae00e1956d3d00cdefc40eb158cb591d3d24ede452c056d30f98d73d9cd73",
    "https://deno.land/x/zipjs@v2.7.40/lib/core/util/encode-text.js": "47f2b26231d379e3d024db0a59bc713c76392fff7bf3120dae1a48453d47f8d3",
    "https://deno.land/x/zipjs@v2.7.40/lib/core/util/mime-type.js": "6c6dfa4daf98ef59cd65118073b74f327ceab2ef28140e38934b0d15eb2b5c29",
    "https://deno.land/x/zipjs@v2.7.40/lib/core/util/stream-codec-shim.js": "22ca28de10b002d576667c30360a63a41601ab1b6a5dd12c7b91aac8f7b1781b",
    "https://deno.land/x/zipjs@v2.7.40/lib/core/zip-entry.js": "d30a535cd1e75ef98094cd04120f178c103cdc4055d23ff747ffc6a154da8d2d",
    "https://deno.land/x/zipjs@v2.7.40/lib/core/zip-fs-core.js": "d69e2299a29d968c9ddd37d98720767b0b247582d6654e90bf2028150fb3a85b",
    "https://deno.land/x/zipjs@v2.7.40/lib/core/zip-reader.js": "443d9e304ee560461926dc31ef6cb68e4a317d0eb0fd64627a9931e6b36965d6",
    "https://deno.land/x/zipjs@v2.7.40/lib/core/zip-writer.js": "70d5f7678aef6fffb5f3b5566e20ff9c2d95321220453f2f8fbbb19263360d0f",
    "https://deno.land/x/zipjs@v2.7.40/lib/z-worker-inline.js": "3f3a51e4057fab5e52899c8ee3f83499711cc03d9da365579a0045199862f964",
    "https://deno.land/x/zipjs@v2.7.40/lib/zip-fs.js": "c18ebfe158361827beaa9aac7ad27f7535bcd1d118e1888bf948067363df1b47"
  }
}
